
Microsoft Visual Studio Solution File, Format Version 12.00
# Visual Studio Version 17
VisualStudioVersion = 17.9.34616.47
MinimumVisualStudioVersion = 10.0.40219.1
Project("{FAE04EC0-301F-11D3-BF4B-00C04F79EFBC}") = "Restaurante", "Restaurante.csproj", "{36737E37-831D-4EDC-900A-6579587FC725}"
EndProject
Global
	GlobalSection(SolutionConfigurationPlatforms) = preSolution
		Debug|Any CPU = Debug|Any CPU
		Release|Any CPU = Release|Any CPU
	EndGlobalSection
	GlobalSection(ProjectConfigurationPlatforms) = postSolution
		{36737E37-831D-4EDC-900A-6579587FC725}.Debug|Any CPU.ActiveCfg = Debug|Any CPU
		{36737E37-831D-4EDC-900A-6579587FC725}.Debug|Any CPU.Build.0 = Debug|Any CPU
		{36737E37-831D-4EDC-900A-6579587FC725}.Release|Any CPU.ActiveCfg = Release|Any CPU
		{36737E37-831D-4EDC-900A-6579587FC725}.Release|Any CPU.Build.0 = Release|Any CPU
	EndGlobalSection
	GlobalSection(SolutionProperties) = preSolution
		HideSolutionNode = FALSE
	EndGlobalSection
	GlobalSection(ExtensibilityGlobals) = postSolution
		SolutionGuid = {2B582EB6-756B-4FCE-A363-1AC660F69C97}
	EndGlobalSection
EndGlobal
